{
	"name": "run-on-save",
	"version": "1.4.2",
	"lockfileVersion": 1,
	"requires": true,
	"dependencies": {
		"@types/minimatch": {
			"version": "3.0.4",
			"resolved": "https://registry.npmjs.org/@types/minimatch/-/minimatch-3.0.4.tgz",
			"integrity": "sha512-1z8k4wzFnNjVK/tlxvrWuK5WMt6mydWWP7+zvH5eFep4oj+UkrfiJTRtjCeBXNpwaA/FYqqtb4/QS4ianFpIRA==",
			"dev": true
		},
		"@types/mocha": {
			"version": "2.2.48",
			"resolved": "https://registry.npmjs.org/@types/mocha/-/mocha-2.2.48.tgz",
			"integrity": "sha512-nlK/iyETgafGli8Zh9zJVCTicvU3iajSkRwOh3Hhiva598CMqNJ4NcVCGMTGKpGpTYj/9R8RLzS9NAykSSCqGw==",
			"dev": true
		},
		"@types/node": {
			"version": "8.10.62",
			"resolved": "https://registry.npmjs.org/@types/node/-/node-8.10.62.tgz",
			"integrity": "sha512-76fupxOYVxk36kb7O/6KtrAPZ9jnSK3+qisAX4tQMEuGNdlvl7ycwatlHqjoE6jHfVtXFM3pCrCixZOidc5cuw==",
			"dev": true
		},
		"@types/vscode": {
			"version": "1.57.0",
			"resolved": "https://registry.npmjs.org/@types/vscode/-/vscode-1.57.0.tgz",
			"integrity": "sha512-FeznBFtIDCWRluojTsi9c3LLcCHOXP5etQfBK42+ixo1CoEAchkw39tuui9zomjZuKfUVL33KZUDIwHZ/xvOkQ==",
			"dev": true
		},
		"minimatch": {
			"version": "3.0.4",
			"resolved": "https://registry.npmjs.org/minimatch/-/minimatch-3.0.4.tgz",
			"integrity": "sha512-yJHVQEhyqPLUTgt9B83PXu6W3rx4MvvHvSUvToogpwoGDOUQ+yDrR0HRot+yOCdCO7u4hX3pWft6kWBBcqh0UA==",
			"requires": {
				"brace-expansion": "^1.1.7"
			},
			"dependencies": {
				"balanced-match": {
					"version": "1.0.0",
					"resolved": "https://registry.npmjs.org/balanced-match/-/balanced-match-1.0.0.tgz",
					"integrity": "sha1-ibTRmasr7kneFk6gK4nORi1xt2c="
				},
				"brace-expansion": {
					"version": "1.1.11",
					"resolved": "https://registry.npmjs.org/brace-expansion/-/brace-expansion-1.1.11.tgz",
					"integrity": "sha512-iCuPHDFgrHX7H2vEI/5xpz07zSHB00TpugqhmYtVmMO6518mCuRMoOYFldEBl0g187ufozdaHgWKcYFb61qGiA==",
					"requires": {
						"balanced-match": "^1.0.0",
						"concat-map": "0.0.1"
					}
				},
				"concat-map": {
					"version": "0.0.1",
					"resolved": "https://registry.npmjs.org/concat-map/-/concat-map-0.0.1.tgz",
					"integrity": "sha1-2Klr13/Wjfd5OnMDajug1UBdR3s="
				}
			}
		},
		"typescript": {
			"version": "3.9.5",
			"resolved": "https://registry.npmjs.org/typescript/-/typescript-3.9.5.tgz",
			"integrity": "sha512-hSAifV3k+i6lEoCJ2k6R2Z/rp/H3+8sdmcn5NrS3/3kE7+RyZXm9aqvxWqjEXHAd8b0pShatpcdMTvEdvAJltQ==",
			"dev": true
		}
	}
}
